// !$*UTF8*$!
{
	archiveVersion = 1;
	classes = {
	};
	objectVersion = 46;
	objects = {

/* Begin PBXBuildFile section */
		493320AC13932B40007B08F0 /* UNRMap.m in Sources */ = {isa = PBXBuildFile; fileRef = 493320AB13932B40007B08F0 /* UNRMap.m */; };
		493AE5D31388324200591592 /* UNRTexture.m in Sources */ = {isa = PBXBuildFile; fileRef = 493AE5B71388324200591592 /* UNRTexture.m */; };
		493E72C913AD6127008C2E78 /* SkyBox.fsh in Resources */ = {isa = PBXBuildFile; fileRef = 493E72C713AD6127008C2E78 /* SkyBox.fsh */; };
		493E72CA13AD6127008C2E78 /* SkyBox.vsh in Resources */ = {isa = PBXBuildFile; fileRef = 493E72C813AD6127008C2E78 /* SkyBox.vsh */; };
		493E72CE13AD6C9B008C2E78 /* UNRCubeCamera.mm in Sources */ = {isa = PBXBuildFile; fileRef = 493E72CD13AD6C9B008C2E78 /* UNRCubeCamera.mm */; };
		49836E541388BD64003193CD /* DataManager.m in Sources */ = {isa = PBXBuildFile; fileRef = 49836E391388BD64003193CD /* DataManager.m */; };
		49836E551388BD64003193CD /* UNRBase.m in Sources */ = {isa = PBXBuildFile; fileRef = 49836E3B1388BD64003193CD /* UNRBase.m */; };
		49836E561388BD64003193CD /* UNRExport.m in Sources */ = {isa = PBXBuildFile; fileRef = 49836E3E1388BD64003193CD /* UNRExport.m */; };
		49836E571388BD64003193CD /* UNRFile.m in Sources */ = {isa = PBXBuildFile; fileRef = 49836E401388BD64003193CD /* UNRFile.m */; };
		49836E581388BD64003193CD /* UNRGeneration.m in Sources */ = {isa = PBXBuildFile; fileRef = 49836E421388BD64003193CD /* UNRGeneration.m */; };
		49836E591388BD64003193CD /* UNRGuid.m in Sources */ = {isa = PBXBuildFile; fileRef = 49836E441388BD64003193CD /* UNRGuid.m */; };
		49836E5A1388BD64003193CD /* UNRImport.m in Sources */ = {isa = PBXBuildFile; fileRef = 49836E461388BD64003193CD /* UNRImport.m */; };
		49836E5B1388BD64003193CD /* UNRName.m in Sources */ = {isa = PBXBuildFile; fileRef = 49836E481388BD64003193CD /* UNRName.m */; };
		49836E5C1388BD64003193CD /* UNRDataPluginLoader.m in Sources */ = {isa = PBXBuildFile; fileRef = 49836E4B1388BD64003193CD /* UNRDataPluginLoader.m */; };
		49836E5D1388BD64003193CD /* UNRDataPluginReader.m in Sources */ = {isa = PBXBuildFile; fileRef = 49836E4D1388BD64003193CD /* UNRDataPluginReader.m */; };
		49836E5E1388BD64003193CD /* UNRObject.m in Sources */ = {isa = PBXBuildFile; fileRef = 49836E4F1388BD64003193CD /* UNRObject.m */; };
		49836E5F1388BD64003193CD /* UNRProperty.m in Sources */ = {isa = PBXBuildFile; fileRef = 49836E511388BD64003193CD /* UNRProperty.m */; };
		49836E601388BD64003193CD /* UNRUtilities.m in Sources */ = {isa = PBXBuildFile; fileRef = 49836E531388BD64003193CD /* UNRUtilities.m */; };
		49836E631389EA53003193CD /* Utilities.m in Sources */ = {isa = PBXBuildFile; fileRef = 49836E611389EA53003193CD /* Utilities.m */; };
		49836E6E138F4716003193CD /* UNRNode.m in Sources */ = {isa = PBXBuildFile; fileRef = 49836E6D138F4715003193CD /* UNRNode.m */; };
		498E6105137A30CD00EA243B /* UIKit.framework in Frameworks */ = {isa = PBXBuildFile; fileRef = 498E6104137A30CD00EA243B /* UIKit.framework */; };
		498E6107137A30CD00EA243B /* Foundation.framework in Frameworks */ = {isa = PBXBuildFile; fileRef = 498E6106137A30CD00EA243B /* Foundation.framework */; };
		498E6109137A30CD00EA243B /* CoreGraphics.framework in Frameworks */ = {isa = PBXBuildFile; fileRef = 498E6108137A30CD00EA243B /* CoreGraphics.framework */; };
		498E610B137A30CD00EA243B /* QuartzCore.framework in Frameworks */ = {isa = PBXBuildFile; fileRef = 498E610A137A30CD00EA243B /* QuartzCore.framework */; };
		498E610D137A30CD00EA243B /* OpenGLES.framework in Frameworks */ = {isa = PBXBuildFile; fileRef = 498E610C137A30CD00EA243B /* OpenGLES.framework */; };
		498E6113137A30CD00EA243B /* InfoPlist.strings in Resources */ = {isa = PBXBuildFile; fileRef = 498E6111137A30CD00EA243B /* InfoPlist.strings */; };
		498E6116137A30CD00EA243B /* main.m in Sources */ = {isa = PBXBuildFile; fileRef = 498E6115137A30CD00EA243B /* main.m */; };
		498E6119137A30CD00EA243B /* UNRMapViewerAppDelegate.m in Sources */ = {isa = PBXBuildFile; fileRef = 498E6118137A30CD00EA243B /* UNRMapViewerAppDelegate.m */; };
		498E611C137A30CD00EA243B /* MainWindow.xib in Resources */ = {isa = PBXBuildFile; fileRef = 498E611A137A30CD00EA243B /* MainWindow.xib */; };
		498E611E137A30CD00EA243B /* Texture.fsh in Resources */ = {isa = PBXBuildFile; fileRef = 498E611D137A30CD00EA243B /* Texture.fsh */; };
		498E6120137A30CD00EA243B /* Texture.vsh in Resources */ = {isa = PBXBuildFile; fileRef = 498E611F137A30CD00EA243B /* Texture.vsh */; };
		498E6123137A30CD00EA243B /* EAGLView.m in Sources */ = {isa = PBXBuildFile; fileRef = 498E6122137A30CD00EA243B /* EAGLView.m */; };
		498E6126137A30CD00EA243B /* UNRMapViewerViewController.m in Sources */ = {isa = PBXBuildFile; fileRef = 498E6125137A30CD00EA243B /* UNRMapViewerViewController.m */; };
		498E6129137A30CD00EA243B /* UNRMapViewerViewController.xib in Resources */ = {isa = PBXBuildFile; fileRef = 498E6127137A30CD00EA243B /* UNRMapViewerViewController.xib */; };
		498E6130137A30CD00EA243B /* UIKit.framework in Frameworks */ = {isa = PBXBuildFile; fileRef = 498E6104137A30CD00EA243B /* UIKit.framework */; };
		498E6131137A30CD00EA243B /* Foundation.framework in Frameworks */ = {isa = PBXBuildFile; fileRef = 498E6106137A30CD00EA243B /* Foundation.framework */; };
		498E6132137A30CD00EA243B /* CoreGraphics.framework in Frameworks */ = {isa = PBXBuildFile; fileRef = 498E6108137A30CD00EA243B /* CoreGraphics.framework */; };
		498E613A137A30CD00EA243B /* InfoPlist.strings in Resources */ = {isa = PBXBuildFile; fileRef = 498E6138137A30CD00EA243B /* InfoPlist.strings */; };
		498E613D137A30CD00EA243B /* UNRMapViewerTests.h in Resources */ = {isa = PBXBuildFile; fileRef = 498E613C137A30CD00EA243B /* UNRMapViewerTests.h */; };
		498E613F137A30CD00EA243B /* UNRMapViewerTests.m in Sources */ = {isa = PBXBuildFile; fileRef = 498E613E137A30CD00EA243B /* UNRMapViewerTests.m */; };
		4993CC281384D1D900B6CBD2 /* UNRMapSelectionViewController.m in Sources */ = {isa = PBXBuildFile; fileRef = 4993CC271384D1D900B6CBD2 /* UNRMapSelectionViewController.m */; };
		49AAFFBF13BC3A87002D7A41 /* Default Plugins in Resources */ = {isa = PBXBuildFile; fileRef = 49AAFFBD13BC3A87002D7A41 /* Default Plugins */; };
		49AAFFC013BC3A87002D7A41 /* Maps in Resources */ = {isa = PBXBuildFile; fileRef = 49AAFFBE13BC3A87002D7A41 /* Maps */; };
		49AAFFC413BCEA50002D7A41 /* UNRMatrix.m in Sources */ = {isa = PBXBuildFile; fileRef = 49AAFFC313BCEA50002D7A41 /* UNRMatrix.m */; };
		49AAFFC713BCEC40002D7A41 /* UNRCamera.m in Sources */ = {isa = PBXBuildFile; fileRef = 49AAFFC613BCEC3F002D7A41 /* UNRCamera.m */; };
		49B5F4881395CDCC00421352 /* UNRShader.m in Sources */ = {isa = PBXBuildFile; fileRef = 49B5F4871395CDCC00421352 /* UNRShader.m */; };
/* End PBXBuildFile section */

/* Begin PBXContainerItemProxy section */
		498E6133137A30CD00EA243B /* PBXContainerItemProxy */ = {
			isa = PBXContainerItemProxy;
			containerPortal = 498E60F7137A30CC00EA243B /* Project object */;
			proxyType = 1;
			remoteGlobalIDString = 498E60FF137A30CD00EA243B;
			remoteInfo = UNRMapViewer;
		};
/* End PBXContainerItemProxy section */

/* Begin PBXFileReference section */
		493320AA13932B40007B08F0 /* UNRMap.h */ = {isa = PBXFileReference; fileEncoding = 4; lastKnownFileType = sourcecode.c.h; path = UNRMap.h; sourceTree = "<group>"; };
		493320AB13932B40007B08F0 /* UNRMap.m */ = {isa = PBXFileReference; fileEncoding = 4; lastKnownFileType = sourcecode.c.objc; path = UNRMap.m; sourceTree = "<group>"; };
		493AE5B61388324200591592 /* UNRTexture.h */ = {isa = PBXFileReference; fileEncoding = 4; lastKnownFileType = sourcecode.c.h; path = UNRTexture.h; sourceTree = "<group>"; };
		493AE5B71388324200591592 /* UNRTexture.m */ = {isa = PBXFileReference; fileEncoding = 4; lastKnownFileType = sourcecode.c.objc; path = UNRTexture.m; sourceTree = "<group>"; };
		493E72C713AD6127008C2E78 /* SkyBox.fsh */ = {isa = PBXFileReference; fileEncoding = 4; lastKnownFileType = sourcecode.glsl; name = SkyBox.fsh; path = Shaders/SkyBox.fsh; sourceTree = "<group>"; };
		493E72C813AD6127008C2E78 /* SkyBox.vsh */ = {isa = PBXFileReference; fileEncoding = 4; lastKnownFileType = sourcecode.glsl; name = SkyBox.vsh; path = Shaders/SkyBox.vsh; sourceTree = "<group>"; };
		493E72CC13AD6C9B008C2E78 /* UNRCubeCamera.h */ = {isa = PBXFileReference; fileEncoding = 4; lastKnownFileType = sourcecode.c.h; path = UNRCubeCamera.h; sourceTree = "<group>"; };
		493E72CD13AD6C9B008C2E78 /* UNRCubeCamera.mm */ = {isa = PBXFileReference; fileEncoding = 4; lastKnownFileType = sourcecode.cpp.objcpp; path = UNRCubeCamera.mm; sourceTree = "<group>"; };
		49836E381388BD64003193CD /* DataManager.h */ = {isa = PBXFileReference; fileEncoding = 4; lastKnownFileType = sourcecode.c.h; path = DataManager.h; sourceTree = "<group>"; };
		49836E391388BD64003193CD /* DataManager.m */ = {isa = PBXFileReference; fileEncoding = 4; lastKnownFileType = sourcecode.c.objc; path = DataManager.m; sourceTree = "<group>"; };
		49836E3A1388BD64003193CD /* UNRBase.h */ = {isa = PBXFileReference; fileEncoding = 4; lastKnownFileType = sourcecode.c.h; path = UNRBase.h; sourceTree = "<group>"; };
		49836E3B1388BD64003193CD /* UNRBase.m */ = {isa = PBXFileReference; fileEncoding = 4; lastKnownFileType = sourcecode.c.objc; path = UNRBase.m; sourceTree = "<group>"; };
		49836E3C1388BD64003193CD /* Unreal.h */ = {isa = PBXFileReference; fileEncoding = 4; lastKnownFileType = sourcecode.c.h; path = Unreal.h; sourceTree = "<group>"; };
		49836E3D1388BD64003193CD /* UNRExport.h */ = {isa = PBXFileReference; fileEncoding = 4; lastKnownFileType = sourcecode.c.h; path = UNRExport.h; sourceTree = "<group>"; };
		49836E3E1388BD64003193CD /* UNRExport.m */ = {isa = PBXFileReference; fileEncoding = 4; lastKnownFileType = sourcecode.c.objc; path = UNRExport.m; sourceTree = "<group>"; };
		49836E3F1388BD64003193CD /* UNRFile.h */ = {isa = PBXFileReference; fileEncoding = 4; lastKnownFileType = sourcecode.c.h; path = UNRFile.h; sourceTree = "<group>"; };
		49836E401388BD64003193CD /* UNRFile.m */ = {isa = PBXFileReference; fileEncoding = 4; lastKnownFileType = sourcecode.c.objc; path = UNRFile.m; sourceTree = "<group>"; };
		49836E411388BD64003193CD /* UNRGeneration.h */ = {isa = PBXFileReference; fileEncoding = 4; lastKnownFileType = sourcecode.c.h; path = UNRGeneration.h; sourceTree = "<group>"; };
		49836E421388BD64003193CD /* UNRGeneration.m */ = {isa = PBXFileReference; fileEncoding = 4; lastKnownFileType = sourcecode.c.objc; path = UNRGeneration.m; sourceTree = "<group>"; };
		49836E431388BD64003193CD /* UNRGuid.h */ = {isa = PBXFileReference; fileEncoding = 4; lastKnownFileType = sourcecode.c.h; path = UNRGuid.h; sourceTree = "<group>"; };
		49836E441388BD64003193CD /* UNRGuid.m */ = {isa = PBXFileReference; fileEncoding = 4; lastKnownFileType = sourcecode.c.objc; path = UNRGuid.m; sourceTree = "<group>"; };
		49836E451388BD64003193CD /* UNRImport.h */ = {isa = PBXFileReference; fileEncoding = 4; lastKnownFileType = sourcecode.c.h; path = UNRImport.h; sourceTree = "<group>"; };
		49836E461388BD64003193CD /* UNRImport.m */ = {isa = PBXFileReference; fileEncoding = 4; lastKnownFileType = sourcecode.c.objc; path = UNRImport.m; sourceTree = "<group>"; };
		49836E471388BD64003193CD /* UNRName.h */ = {isa = PBXFileReference; fileEncoding = 4; lastKnownFileType = sourcecode.c.h; path = UNRName.h; sourceTree = "<group>"; };
		49836E481388BD64003193CD /* UNRName.m */ = {isa = PBXFileReference; fileEncoding = 4; lastKnownFileType = sourcecode.c.objc; path = UNRName.m; sourceTree = "<group>"; };
		49836E4A1388BD64003193CD /* UNRDataPluginLoader.h */ = {isa = PBXFileReference; fileEncoding = 4; lastKnownFileType = sourcecode.c.h; path = UNRDataPluginLoader.h; sourceTree = "<group>"; };
		49836E4B1388BD64003193CD /* UNRDataPluginLoader.m */ = {isa = PBXFileReference; fileEncoding = 4; lastKnownFileType = sourcecode.c.objc; path = UNRDataPluginLoader.m; sourceTree = "<group>"; };
		49836E4C1388BD64003193CD /* UNRDataPluginReader.h */ = {isa = PBXFileReference; fileEncoding = 4; lastKnownFileType = sourcecode.c.h; path = UNRDataPluginReader.h; sourceTree = "<group>"; };
		49836E4D1388BD64003193CD /* UNRDataPluginReader.m */ = {isa = PBXFileReference; fileEncoding = 4; lastKnownFileType = sourcecode.c.objc; path = UNRDataPluginReader.m; sourceTree = "<group>"; };
		49836E4E1388BD64003193CD /* UNRObject.h */ = {isa = PBXFileReference; fileEncoding = 4; lastKnownFileType = sourcecode.c.h; path = UNRObject.h; sourceTree = "<group>"; };
		49836E4F1388BD64003193CD /* UNRObject.m */ = {isa = PBXFileReference; fileEncoding = 4; lastKnownFileType = sourcecode.c.objc; path = UNRObject.m; sourceTree = "<group>"; };
		49836E501388BD64003193CD /* UNRProperty.h */ = {isa = PBXFileReference; fileEncoding = 4; lastKnownFileType = sourcecode.c.h; path = UNRProperty.h; sourceTree = "<group>"; };
		49836E511388BD64003193CD /* UNRProperty.m */ = {isa = PBXFileReference; fileEncoding = 4; lastKnownFileType = sourcecode.c.objc; path = UNRProperty.m; sourceTree = "<group>"; };
		49836E521388BD64003193CD /* UNRUtilities.h */ = {isa = PBXFileReference; fileEncoding = 4; lastKnownFileType = sourcecode.c.h; path = UNRUtilities.h; sourceTree = "<group>"; };
		49836E531388BD64003193CD /* UNRUtilities.m */ = {isa = PBXFileReference; fileEncoding = 4; lastKnownFileType = sourcecode.c.objc; path = UNRUtilities.m; sourceTree = "<group>"; };
		49836E611389EA53003193CD /* Utilities.m */ = {isa = PBXFileReference; fileEncoding = 4; lastKnownFileType = sourcecode.c.objc; path = Utilities.m; sourceTree = "<group>"; };
		49836E621389EA53003193CD /* Utilities.h */ = {isa = PBXFileReference; fileEncoding = 4; lastKnownFileType = sourcecode.c.h; path = Utilities.h; sourceTree = "<group>"; };
		49836E6C138F4714003193CD /* UNRNode.h */ = {isa = PBXFileReference; fileEncoding = 4; lastKnownFileType = sourcecode.c.h; path = UNRNode.h; sourceTree = "<group>"; };
		49836E6D138F4715003193CD /* UNRNode.m */ = {isa = PBXFileReference; fileEncoding = 4; lastKnownFileType = sourcecode.c.objc; path = UNRNode.m; sourceTree = "<group>"; };
		498E6100137A30CD00EA243B /* UNRMapViewer.app */ = {isa = PBXFileReference; explicitFileType = wrapper.application; includeInIndex = 0; path = UNRMapViewer.app; sourceTree = BUILT_PRODUCTS_DIR; };
		498E6104137A30CD00EA243B /* UIKit.framework */ = {isa = PBXFileReference; lastKnownFileType = wrapper.framework; name = UIKit.framework; path = System/Library/Frameworks/UIKit.framework; sourceTree = SDKROOT; };
		498E6106137A30CD00EA243B /* Foundation.framework */ = {isa = PBXFileReference; lastKnownFileType = wrapper.framework; name = Foundation.framework; path = System/Library/Frameworks/Foundation.framework; sourceTree = SDKROOT; };
		498E6108137A30CD00EA243B /* CoreGraphics.framework */ = {isa = PBXFileReference; lastKnownFileType = wrapper.framework; name = CoreGraphics.framework; path = System/Library/Frameworks/CoreGraphics.framework; sourceTree = SDKROOT; };
		498E610A137A30CD00EA243B /* QuartzCore.framework */ = {isa = PBXFileReference; lastKnownFileType = wrapper.framework; name = QuartzCore.framework; path = System/Library/Frameworks/QuartzCore.framework; sourceTree = SDKROOT; };
		498E610C137A30CD00EA243B /* OpenGLES.framework */ = {isa = PBXFileReference; lastKnownFileType = wrapper.framework; name = OpenGLES.framework; path = System/Library/Frameworks/OpenGLES.framework; sourceTree = SDKROOT; };
		498E6110137A30CD00EA243B /* UNRMapViewer-Info.plist */ = {isa = PBXFileReference; lastKnownFileType = text.plist.xml; path = "UNRMapViewer-Info.plist"; sourceTree = "<group>"; };
		498E6112137A30CD00EA243B /* en */ = {isa = PBXFileReference; lastKnownFileType = text.plist.strings; name = en; path = en.lproj/InfoPlist.strings; sourceTree = "<group>"; };
		498E6114137A30CD00EA243B /* UNRMapViewer-Prefix.pch */ = {isa = PBXFileReference; lastKnownFileType = sourcecode.c.h; path = "UNRMapViewer-Prefix.pch"; sourceTree = "<group>"; };
		498E6115137A30CD00EA243B /* main.m */ = {isa = PBXFileReference; lastKnownFileType = sourcecode.c.objc; path = main.m; sourceTree = "<group>"; };
		498E6117137A30CD00EA243B /* UNRMapViewerAppDelegate.h */ = {isa = PBXFileReference; lastKnownFileType = sourcecode.c.h; path = UNRMapViewerAppDelegate.h; sourceTree = "<group>"; };
		498E6118137A30CD00EA243B /* UNRMapViewerAppDelegate.m */ = {isa = PBXFileReference; lastKnownFileType = sourcecode.c.objc; path = UNRMapViewerAppDelegate.m; sourceTree = "<group>"; };
		498E611B137A30CD00EA243B /* en */ = {isa = PBXFileReference; lastKnownFileType = file.xib; name = en; path = en.lproj/MainWindow.xib; sourceTree = "<group>"; };
		498E611D137A30CD00EA243B /* Texture.fsh */ = {isa = PBXFileReference; lastKnownFileType = sourcecode.glsl; name = Texture.fsh; path = Shaders/Texture.fsh; sourceTree = "<group>"; };
		498E611F137A30CD00EA243B /* Texture.vsh */ = {isa = PBXFileReference; lastKnownFileType = sourcecode.glsl; name = Texture.vsh; path = Shaders/Texture.vsh; sourceTree = "<group>"; };
		498E6121137A30CD00EA243B /* EAGLView.h */ = {isa = PBXFileReference; lastKnownFileType = sourcecode.c.h; path = EAGLView.h; sourceTree = "<group>"; };
		498E6122137A30CD00EA243B /* EAGLView.m */ = {isa = PBXFileReference; lastKnownFileType = sourcecode.c.objc; path = EAGLView.m; sourceTree = "<group>"; };
		498E6124137A30CD00EA243B /* UNRMapViewerViewController.h */ = {isa = PBXFileReference; lastKnownFileType = sourcecode.c.h; path = UNRMapViewerViewController.h; sourceTree = "<group>"; };
		498E6125137A30CD00EA243B /* UNRMapViewerViewController.m */ = {isa = PBXFileReference; lastKnownFileType = sourcecode.c.objc; path = UNRMapViewerViewController.m; sourceTree = "<group>"; wrapsLines = 1; };
		498E6128137A30CD00EA243B /* en */ = {isa = PBXFileReference; lastKnownFileType = file.xib; name = en; path = en.lproj/UNRMapViewerViewController.xib; sourceTree = "<group>"; };
		498E612F137A30CD00EA243B /* UNRMapViewerTests.octest */ = {isa = PBXFileReference; explicitFileType = wrapper.cfbundle; includeInIndex = 0; path = UNRMapViewerTests.octest; sourceTree = BUILT_PRODUCTS_DIR; };
		498E6137137A30CD00EA243B /* UNRMapViewerTests-Info.plist */ = {isa = PBXFileReference; lastKnownFileType = text.plist.xml; path = "UNRMapViewerTests-Info.plist"; sourceTree = "<group>"; };
		498E6139137A30CD00EA243B /* en */ = {isa = PBXFileReference; lastKnownFileType = text.plist.strings; name = en; path = en.lproj/InfoPlist.strings; sourceTree = "<group>"; };
		498E613B137A30CD00EA243B /* UNRMapViewerTests-Prefix.pch */ = {isa = PBXFileReference; lastKnownFileType = sourcecode.c.h; path = "UNRMapViewerTests-Prefix.pch"; sourceTree = "<group>"; };
		498E613C137A30CD00EA243B /* UNRMapViewerTests.h */ = {isa = PBXFileReference; lastKnownFileType = sourcecode.c.h; path = UNRMapViewerTests.h; sourceTree = "<group>"; };
		498E613E137A30CD00EA243B /* UNRMapViewerTests.m */ = {isa = PBXFileReference; lastKnownFileType = sourcecode.c.objc; path = UNRMapViewerTests.m; sourceTree = "<group>"; };
		4993CC261384D1D900B6CBD2 /* UNRMapSelectionViewController.h */ = {isa = PBXFileReference; fileEncoding = 4; lastKnownFileType = sourcecode.c.h; name = UNRMapSelectionViewController.h; path = Menu/UNRMapSelectionViewController.h; sourceTree = "<group>"; };
		4993CC271384D1D900B6CBD2 /* UNRMapSelectionViewController.m */ = {isa = PBXFileReference; fileEncoding = 4; lastKnownFileType = sourcecode.c.objc; name = UNRMapSelectionViewController.m; path = Menu/UNRMapSelectionViewController.m; sourceTree = "<group>"; };
		49A23E701396F7ED0097C5E6 /* Matrix.h */ = {isa = PBXFileReference; fileEncoding = 4; lastKnownFileType = sourcecode.c.h; path = Matrix.h; sourceTree = "<group>"; };
		49A23E911399DDD40097C5E6 /* GLCamera.h */ = {isa = PBXFileReference; fileEncoding = 4; lastKnownFileType = sourcecode.c.h; path = GLCamera.h; sourceTree = "<group>"; };
		49A23E921399DF3E0097C5E6 /* Vector.h */ = {isa = PBXFileReference; fileEncoding = 4; lastKnownFileType = sourcecode.c.h; path = Vector.h; sourceTree = "<group>"; };
		49AAFFBD13BC3A87002D7A41 /* Default Plugins */ = {isa = PBXFileReference; lastKnownFileType = folder; path = "Default Plugins"; sourceTree = "<group>"; };
		49AAFFBE13BC3A87002D7A41 /* Maps */ = {isa = PBXFileReference; lastKnownFileType = folder; path = Maps; sourceTree = "<group>"; };
		49AAFFC113BCE5EB002D7A41 /* Matrix3D.h */ = {isa = PBXFileReference; fileEncoding = 4; lastKnownFileType = sourcecode.c.h; path = Matrix3D.h; sourceTree = "<group>"; };
		49AAFFC213BCEA50002D7A41 /* UNRMatrix.h */ = {isa = PBXFileReference; fileEncoding = 4; lastKnownFileType = sourcecode.c.h; path = UNRMatrix.h; sourceTree = "<group>"; };
		49AAFFC313BCEA50002D7A41 /* UNRMatrix.m */ = {isa = PBXFileReference; fileEncoding = 4; lastKnownFileType = sourcecode.c.objc; path = UNRMatrix.m; sourceTree = "<group>"; };
		49AAFFC513BCEC3F002D7A41 /* UNRCamera.h */ = {isa = PBXFileReference; fileEncoding = 4; lastKnownFileType = sourcecode.c.h; path = UNRCamera.h; sourceTree = "<group>"; };
		49AAFFC613BCEC3F002D7A41 /* UNRCamera.m */ = {isa = PBXFileReference; fileEncoding = 4; lastKnownFileType = sourcecode.c.objc; path = UNRCamera.m; sourceTree = "<group>"; };
		49B5F4861395CDCC00421352 /* UNRShader.h */ = {isa = PBXFileReference; fileEncoding = 4; lastKnownFileType = sourcecode.c.h; path = UNRShader.h; sourceTree = "<group>"; };
		49B5F4871395CDCC00421352 /* UNRShader.m */ = {isa = PBXFileReference; fileEncoding = 4; lastKnownFileType = sourcecode.c.objc; path = UNRShader.m; sourceTree = "<group>"; };
		49B5F4891396CFB500421352 /* GLCommon.h */ = {isa = PBXFileReference; fileEncoding = 4; lastKnownFileType = sourcecode.c.h; path = GLCommon.h; sourceTree = "<group>"; };
/* End PBXFileReference section */

/* Begin PBXFrameworksBuildPhase section */
		498E60FD137A30CD00EA243B /* Frameworks */ = {
			isa = PBXFrameworksBuildPhase;
			buildActionMask = 2147483647;
			files = (
				498E6105137A30CD00EA243B /* UIKit.framework in Frameworks */,
				498E6107137A30CD00EA243B /* Foundation.framework in Frameworks */,
				498E6109137A30CD00EA243B /* CoreGraphics.framework in Frameworks */,
				498E610B137A30CD00EA243B /* QuartzCore.framework in Frameworks */,
				498E610D137A30CD00EA243B /* OpenGLES.framework in Frameworks */,
			);
			runOnlyForDeploymentPostprocessing = 0;
		};
		498E612B137A30CD00EA243B /* Frameworks */ = {
			isa = PBXFrameworksBuildPhase;
			buildActionMask = 2147483647;
			files = (
				498E6130137A30CD00EA243B /* UIKit.framework in Frameworks */,
				498E6131137A30CD00EA243B /* Foundation.framework in Frameworks */,
				498E6132137A30CD00EA243B /* CoreGraphics.framework in Frameworks */,
			);
			runOnlyForDeploymentPostprocessing = 0;
		};
/* End PBXFrameworksBuildPhase section */

/* Begin PBXGroup section */
		493320AE13932B6B007B08F0 /* UNRMap */ = {
			isa = PBXGroup;
			children = (
				493320AA13932B40007B08F0 /* UNRMap.h */,
				493320AB13932B40007B08F0 /* UNRMap.m */,
				493AE5B61388324200591592 /* UNRTexture.h */,
				493AE5B71388324200591592 /* UNRTexture.m */,
				49836E6C138F4714003193CD /* UNRNode.h */,
				49836E6D138F4715003193CD /* UNRNode.m */,
				493E72CC13AD6C9B008C2E78 /* UNRCubeCamera.h */,
				493E72CD13AD6C9B008C2E78 /* UNRCubeCamera.mm */,
				49B5F4861395CDCC00421352 /* UNRShader.h */,
				49B5F4871395CDCC00421352 /* UNRShader.m */,
				49836E621389EA53003193CD /* Utilities.h */,
				49836E611389EA53003193CD /* Utilities.m */,
				49A23E911399DDD40097C5E6 /* GLCamera.h */,
				49A23E701396F7ED0097C5E6 /* Matrix.h */,
				49A23E921399DF3E0097C5E6 /* Vector.h */,
				49AAFFC113BCE5EB002D7A41 /* Matrix3D.h */,
				49AAFFC213BCEA50002D7A41 /* UNRMatrix.h */,
				49AAFFC313BCEA50002D7A41 /* UNRMatrix.m */,
				49AAFFC513BCEC3F002D7A41 /* UNRCamera.h */,
				49AAFFC613BCEC3F002D7A41 /* UNRCamera.m */,
			);
			path = UNRMap;
			sourceTree = "<group>";
		};
		49836E371388BD64003193CD /* UnrealPackage */ = {
			isa = PBXGroup;
			children = (
				49836E491388BD64003193CD /* UNRPluginObject */,
				49836E3C1388BD64003193CD /* Unreal.h */,
				49836E381388BD64003193CD /* DataManager.h */,
				49836E391388BD64003193CD /* DataManager.m */,
				49836E3A1388BD64003193CD /* UNRBase.h */,
				49836E3B1388BD64003193CD /* UNRBase.m */,
				49836E3D1388BD64003193CD /* UNRExport.h */,
				49836E3E1388BD64003193CD /* UNRExport.m */,
				49836E3F1388BD64003193CD /* UNRFile.h */,
				49836E401388BD64003193CD /* UNRFile.m */,
				49836E411388BD64003193CD /* UNRGeneration.h */,
				49836E421388BD64003193CD /* UNRGeneration.m */,
				49836E431388BD64003193CD /* UNRGuid.h */,
				49836E441388BD64003193CD /* UNRGuid.m */,
				49836E451388BD64003193CD /* UNRImport.h */,
				49836E461388BD64003193CD /* UNRImport.m */,
				49836E471388BD64003193CD /* UNRName.h */,
				49836E481388BD64003193CD /* UNRName.m */,
				49836E521388BD64003193CD /* UNRUtilities.h */,
				49836E531388BD64003193CD /* UNRUtilities.m */,
			);
			path = UnrealPackage;
			sourceTree = "<group>";
		};
		49836E491388BD64003193CD /* UNRPluginObject */ = {
			isa = PBXGroup;
			children = (
				49836E4A1388BD64003193CD /* UNRDataPluginLoader.h */,
				49836E4B1388BD64003193CD /* UNRDataPluginLoader.m */,
				49836E4C1388BD64003193CD /* UNRDataPluginReader.h */,
				49836E4D1388BD64003193CD /* UNRDataPluginReader.m */,
				49836E4E1388BD64003193CD /* UNRObject.h */,
				49836E4F1388BD64003193CD /* UNRObject.m */,
				49836E501388BD64003193CD /* UNRProperty.h */,
				49836E511388BD64003193CD /* UNRProperty.m */,
			);
			path = UNRPluginObject;
			sourceTree = "<group>";
		};
		498E60F5137A30CC00EA243B = {
			isa = PBXGroup;
			children = (
				498E610E137A30CD00EA243B /* UNRMapViewer */,
				498E6135137A30CD00EA243B /* UNRMapViewerTests */,
				498E6103137A30CD00EA243B /* Frameworks */,
				498E6101137A30CD00EA243B /* Products */,
			);
			sourceTree = "<group>";
		};
		498E6101137A30CD00EA243B /* Products */ = {
			isa = PBXGroup;
			children = (
				498E6100137A30CD00EA243B /* UNRMapViewer.app */,
				498E612F137A30CD00EA243B /* UNRMapViewerTests.octest */,
			);
			name = Products;
			sourceTree = "<group>";
		};
		498E6103137A30CD00EA243B /* Frameworks */ = {
			isa = PBXGroup;
			children = (
				498E6104137A30CD00EA243B /* UIKit.framework */,
				498E6106137A30CD00EA243B /* Foundation.framework */,
				498E6108137A30CD00EA243B /* CoreGraphics.framework */,
				498E610A137A30CD00EA243B /* QuartzCore.framework */,
				498E610C137A30CD00EA243B /* OpenGLES.framework */,
			);
			name = Frameworks;
			sourceTree = "<group>";
		};
		498E610E137A30CD00EA243B /* UNRMapViewer */ = {
			isa = PBXGroup;
			children = (
				49836E371388BD64003193CD /* UnrealPackage */,
				4993CC241384D1AB00B6CBD2 /* Menu */,
				498E6117137A30CD00EA243B /* UNRMapViewerAppDelegate.h */,
				498E6118137A30CD00EA243B /* UNRMapViewerAppDelegate.m */,
				493E72C713AD6127008C2E78 /* SkyBox.fsh */,
				493E72C813AD6127008C2E78 /* SkyBox.vsh */,
				498E611D137A30CD00EA243B /* Texture.fsh */,
				498E611F137A30CD00EA243B /* Texture.vsh */,
				493320AE13932B6B007B08F0 /* UNRMap */,
				498E6121137A30CD00EA243B /* EAGLView.h */,
				498E6122137A30CD00EA243B /* EAGLView.m */,
				49B5F4891396CFB500421352 /* GLCommon.h */,
				498E6124137A30CD00EA243B /* UNRMapViewerViewController.h */,
				498E6125137A30CD00EA243B /* UNRMapViewerViewController.m */,
				498E6127137A30CD00EA243B /* UNRMapViewerViewController.xib */,
				498E611A137A30CD00EA243B /* MainWindow.xib */,
				498E610F137A30CD00EA243B /* Supporting Files */,
			);
			path = UNRMapViewer;
			sourceTree = "<group>";
		};
		498E610F137A30CD00EA243B /* Supporting Files */ = {
			isa = PBXGroup;
			children = (
				49AAFFBD13BC3A87002D7A41 /* Default Plugins */,
				49AAFFBE13BC3A87002D7A41 /* Maps */,
				498E6110137A30CD00EA243B /* UNRMapViewer-Info.plist */,
				498E6111137A30CD00EA243B /* InfoPlist.strings */,
				498E6114137A30CD00EA243B /* UNRMapViewer-Prefix.pch */,
				498E6115137A30CD00EA243B /* main.m */,
			);
			name = "Supporting Files";
			sourceTree = "<group>";
		};
		498E6135137A30CD00EA243B /* UNRMapViewerTests */ = {
			isa = PBXGroup;
			children = (
				498E613C137A30CD00EA243B /* UNRMapViewerTests.h */,
				498E613E137A30CD00EA243B /* UNRMapViewerTests.m */,
				498E6136137A30CD00EA243B /* Supporting Files */,
			);
			path = UNRMapViewerTests;
			sourceTree = "<group>";
		};
		498E6136137A30CD00EA243B /* Supporting Files */ = {
			isa = PBXGroup;
			children = (
				498E6137137A30CD00EA243B /* UNRMapViewerTests-Info.plist */,
				498E6138137A30CD00EA243B /* InfoPlist.strings */,
				498E613B137A30CD00EA243B /* UNRMapViewerTests-Prefix.pch */,
			);
			name = "Supporting Files";
			sourceTree = "<group>";
		};
		4993CC241384D1AB00B6CBD2 /* Menu */ = {
			isa = PBXGroup;
			children = (
				4993CC261384D1D900B6CBD2 /* UNRMapSelectionViewController.h */,
				4993CC271384D1D900B6CBD2 /* UNRMapSelectionViewController.m */,
			);
			name = Menu;
			sourceTree = "<group>";
		};
/* End PBXGroup section */

/* Begin PBXNativeTarget section */
		498E60FF137A30CD00EA243B /* UNRMapViewer */ = {
			isa = PBXNativeTarget;
			buildConfigurationList = 498E6142137A30CD00EA243B /* Build configuration list for PBXNativeTarget "UNRMapViewer" */;
			buildPhases = (
				498E60FC137A30CD00EA243B /* Sources */,
				498E60FD137A30CD00EA243B /* Frameworks */,
				498E60FE137A30CD00EA243B /* Resources */,
			);
			buildRules = (
			);
			dependencies = (
			);
			name = UNRMapViewer;
			productName = UNRMapViewer;
			productReference = 498E6100137A30CD00EA243B /* UNRMapViewer.app */;
			productType = "com.apple.product-type.application";
		};
		498E612E137A30CD00EA243B /* UNRMapViewerTests */ = {
			isa = PBXNativeTarget;
			buildConfigurationList = 498E6145137A30CD00EA243B /* Build configuration list for PBXNativeTarget "UNRMapViewerTests" */;
			buildPhases = (
				498E612A137A30CD00EA243B /* Sources */,
				498E612B137A30CD00EA243B /* Frameworks */,
				498E612C137A30CD00EA243B /* Resources */,
				498E612D137A30CD00EA243B /* ShellScript */,
			);
			buildRules = (
			);
			dependencies = (
				498E6134137A30CD00EA243B /* PBXTargetDependency */,
			);
			name = UNRMapViewerTests;
			productName = UNRMapViewerTests;
			productReference = 498E612F137A30CD00EA243B /* UNRMapViewerTests.octest */;
			productType = "com.apple.product-type.bundle";
		};
/* End PBXNativeTarget section */

/* Begin PBXProject section */
		498E60F7137A30CC00EA243B /* Project object */ = {
			isa = PBXProject;
			buildConfigurationList = 498E60FA137A30CC00EA243B /* Build configuration list for PBXProject "UNRMapViewer" */;
			compatibilityVersion = "Xcode 3.2";
			developmentRegion = English;
			hasScannedForEncodings = 0;
			knownRegions = (
				en,
			);
			mainGroup = 498E60F5137A30CC00EA243B;
			productRefGroup = 498E6101137A30CD00EA243B /* Products */;
			projectDirPath = "";
			projectRoot = "";
			targets = (
				498E60FF137A30CD00EA243B /* UNRMapViewer */,
				498E612E137A30CD00EA243B /* UNRMapViewerTests */,
			);
		};
/* End PBXProject section */

/* Begin PBXResourcesBuildPhase section */
		498E60FE137A30CD00EA243B /* Resources */ = {
			isa = PBXResourcesBuildPhase;
			buildActionMask = 2147483647;
			files = (
				498E6113137A30CD00EA243B /* InfoPlist.strings in Resources */,
				498E611C137A30CD00EA243B /* MainWindow.xib in Resources */,
				493E72C913AD6127008C2E78 /* SkyBox.fsh in Resources */,
				493E72CA13AD6127008C2E78 /* SkyBox.vsh in Resources */,
				498E611E137A30CD00EA243B /* Texture.fsh in Resources */,
				498E6120137A30CD00EA243B /* Texture.vsh in Resources */,
				498E6129137A30CD00EA243B /* UNRMapViewerViewController.xib in Resources */,
				49AAFFBF13BC3A87002D7A41 /* Default Plugins in Resources */,
				49AAFFC013BC3A87002D7A41 /* Maps in Resources */,
			);
			runOnlyForDeploymentPostprocessing = 0;
		};
		498E612C137A30CD00EA243B /* Resources */ = {
			isa = PBXResourcesBuildPhase;
			buildActionMask = 2147483647;
			files = (
				498E613A137A30CD00EA243B /* InfoPlist.strings in Resources */,
				498E613D137A30CD00EA243B /* UNRMapViewerTests.h in Resources */,
			);
			runOnlyForDeploymentPostprocessing = 0;
		};
/* End PBXResourcesBuildPhase section */

/* Begin PBXShellScriptBuildPhase section */
		498E612D137A30CD00EA243B /* ShellScript */ = {
			isa = PBXShellScriptBuildPhase;
			buildActionMask = 2147483647;
			files = (
			);
			inputPaths = (
			);
			outputPaths = (
			);
			runOnlyForDeploymentPostprocessing = 0;
			shellPath = /bin/sh;
			shellScript = "# Run the unit tests in this test bundle.\n\"${SYSTEM_DEVELOPER_DIR}/Tools/RunUnitTests\"\n";
		};
/* End PBXShellScriptBuildPhase section */

/* Begin PBXSourcesBuildPhase section */
		498E60FC137A30CD00EA243B /* Sources */ = {
			isa = PBXSourcesBuildPhase;
			buildActionMask = 2147483647;
			files = (
				498E6116137A30CD00EA243B /* main.m in Sources */,
				498E6119137A30CD00EA243B /* UNRMapViewerAppDelegate.m in Sources */,
				498E6123137A30CD00EA243B /* EAGLView.m in Sources */,
				498E6126137A30CD00EA243B /* UNRMapViewerViewController.m in Sources */,
				4993CC281384D1D900B6CBD2 /* UNRMapSelectionViewController.m in Sources */,
				493AE5D31388324200591592 /* UNRTexture.m in Sources */,
				49836E541388BD64003193CD /* DataManager.m in Sources */,
				49836E551388BD64003193CD /* UNRBase.m in Sources */,
				49836E561388BD64003193CD /* UNRExport.m in Sources */,
				49836E571388BD64003193CD /* UNRFile.m in Sources */,
				49836E581388BD64003193CD /* UNRGeneration.m in Sources */,
				49836E591388BD64003193CD /* UNRGuid.m in Sources */,
				49836E5A1388BD64003193CD /* UNRImport.m in Sources */,
				49836E5B1388BD64003193CD /* UNRName.m in Sources */,
				49836E5C1388BD64003193CD /* UNRDataPluginLoader.m in Sources */,
				49836E5D1388BD64003193CD /* UNRDataPluginReader.m in Sources */,
				49836E5E1388BD64003193CD /* UNRObject.m in Sources */,
				49836E5F1388BD64003193CD /* UNRProperty.m in Sources */,
				49836E601388BD64003193CD /* UNRUtilities.m in Sources */,
				49836E631389EA53003193CD /* Utilities.m in Sources */,
				49836E6E138F4716003193CD /* UNRNode.m in Sources */,
				493320AC13932B40007B08F0 /* UNRMap.m in Sources */,
				49B5F4881395CDCC00421352 /* UNRShader.m in Sources */,
				493E72CE13AD6C9B008C2E78 /* UNRCubeCamera.mm in Sources */,
				49AAFFC413BCEA50002D7A41 /* UNRMatrix.m in Sources */,
				49AAFFC713BCEC40002D7A41 /* UNRCamera.m in Sources */,
			);
			runOnlyForDeploymentPostprocessing = 0;
		};
		498E612A137A30CD00EA243B /* Sources */ = {
			isa = PBXSourcesBuildPhase;
			buildActionMask = 2147483647;
			files = (
				498E613F137A30CD00EA243B /* UNRMapViewerTests.m in Sources */,
			);
			runOnlyForDeploymentPostprocessing = 0;
		};
/* End PBXSourcesBuildPhase section */

/* Begin PBXTargetDependency section */
		498E6134137A30CD00EA243B /* PBXTargetDependency */ = {
			isa = PBXTargetDependency;
			target = 498E60FF137A30CD00EA243B /* UNRMapViewer */;
			targetProxy = 498E6133137A30CD00EA243B /* PBXContainerItemProxy */;
		};
/* End PBXTargetDependency section */

/* Begin PBXVariantGroup section */
		498E6111137A30CD00EA243B /* InfoPlist.strings */ = {
			isa = PBXVariantGroup;
			children = (
				498E6112137A30CD00EA243B /* en */,
			);
			name = InfoPlist.strings;
			sourceTree = "<group>";
		};
		498E611A137A30CD00EA243B /* MainWindow.xib */ = {
			isa = PBXVariantGroup;
			children = (
				498E611B137A30CD00EA243B /* en */,
			);
			name = MainWindow.xib;
			sourceTree = "<group>";
		};
		498E6127137A30CD00EA243B /* UNRMapViewerViewController.xib */ = {
			isa = PBXVariantGroup;
			children = (
				498E6128137A30CD00EA243B /* en */,
			);
			name = UNRMapViewerViewController.xib;
			sourceTree = "<group>";
		};
		498E6138137A30CD00EA243B /* InfoPlist.strings */ = {
			isa = PBXVariantGroup;
			children = (
				498E6139137A30CD00EA243B /* en */,
			);
			name = InfoPlist.strings;
			sourceTree = "<group>";
		};
/* End PBXVariantGroup section */

/* Begin XCBuildConfiguration section */
		498E6140137A30CD00EA243B /* Debug */ = {
			isa = XCBuildConfiguration;
			buildSettings = {
				ARCHS = "$(ARCHS_UNIVERSAL_IPHONE_OS)";
				"CODE_SIGN_IDENTITY[sdk=iphoneos*]" = "iPhone Developer";
				GCC_C_LANGUAGE_STANDARD = gnu99;
				GCC_OPTIMIZATION_LEVEL = 0;
				GCC_PREPROCESSOR_DEFINITIONS = DEBUG;
				GCC_SYMBOLS_PRIVATE_EXTERN = NO;
				GCC_VERSION = com.apple.compilers.llvmgcc42;
				GCC_WARN_ABOUT_RETURN_TYPE = YES;
				GCC_WARN_UNUSED_VARIABLE = YES;
				IPHONEOS_DEPLOYMENT_TARGET = 4.3;
				SDKROOT = iphoneos;
				TARGETED_DEVICE_FAMILY = 2;
			};
			name = Debug;
		};
		498E6141137A30CD00EA243B /* Release */ = {
			isa = XCBuildConfiguration;
			buildSettings = {
				ARCHS = "$(ARCHS_UNIVERSAL_IPHONE_OS)";
				"CODE_SIGN_IDENTITY[sdk=iphoneos*]" = "iPhone Developer";
				GCC_C_LANGUAGE_STANDARD = gnu99;
				GCC_VERSION = com.apple.compilers.llvmgcc42;
				GCC_WARN_ABOUT_RETURN_TYPE = YES;
				GCC_WARN_UNUSED_VARIABLE = YES;
				IPHONEOS_DEPLOYMENT_TARGET = 4.3;
				OTHER_CFLAGS = "-DNS_BLOCK_ASSERTIONS=1";
				SDKROOT = iphoneos;
				TARGETED_DEVICE_FAMILY = 2;
			};
			name = Release;
		};
		498E6143137A30CD00EA243B /* Debug */ = {
			isa = XCBuildConfiguration;
			buildSettings = {
				ALWAYS_SEARCH_USER_PATHS = NO;
				COPY_PHASE_STRIP = NO;
				GCC_DYNAMIC_NO_PIC = NO;
				GCC_PRECOMPILE_PREFIX_HEADER = YES;
				GCC_PREFIX_HEADER = "UNRMapViewer/UNRMapViewer-Prefix.pch";
				"GCC_THUMB_SUPPORT[arch=armv6]" = "";
				INFOPLIST_FILE = "UNRMapViewer/UNRMapViewer-Info.plist";
				OTHER_CPLUSPLUSFLAGS = "$(OTHER_CFLAGS)";
				PRODUCT_NAME = "$(TARGET_NAME)";
				WRAPPER_EXTENSION = app;
			};
			name = Debug;
		};
		498E6144137A30CD00EA243B /* Release */ = {
			isa = XCBuildConfiguration;
			buildSettings = {
				ALWAYS_SEARCH_USER_PATHS = NO;
				COPY_PHASE_STRIP = YES;
				GCC_PRECOMPILE_PREFIX_HEADER = YES;
				GCC_PREFIX_HEADER = "UNRMapViewer/UNRMapViewer-Prefix.pch";
				"GCC_THUMB_SUPPORT[arch=armv6]" = "";
				INFOPLIST_FILE = "UNRMapViewer/UNRMapViewer-Info.plist";
				OTHER_CPLUSPLUSFLAGS = "$(OTHER_CFLAGS)";
				PRODUCT_NAME = "$(TARGET_NAME)";
				VALIDATE_PRODUCT = YES;
				WRAPPER_EXTENSION = app;
			};
			name = Release;
		};
		498E6146137A30CD00EA243B /* Debug */ = {
			isa = XCBuildConfiguration;
			buildSettings = {
				ALWAYS_SEARCH_USER_PATHS = NO;
				ARCHS = "$(ARCHS_STANDARD_32_BIT)";
				BUNDLE_LOADER = "$(BUILT_PRODUCTS_DIR)/UNRMapViewer.app/UNRMapViewer";
				FRAMEWORK_SEARCH_PATHS = (
					"$(SDKROOT)/Developer/Library/Frameworks",
					"$(DEVELOPER_LIBRARY_DIR)/Frameworks",
				);
				GCC_PRECOMPILE_PREFIX_HEADER = YES;
				GCC_PREFIX_HEADER = "UNRMapViewerTests/UNRMapViewerTests-Prefix.pch";
				INFOPLIST_FILE = "UNRMapViewerTests/UNRMapViewerTests-Info.plist";
				OTHER_LDFLAGS = (
					"-framework",
					SenTestingKit,
				);
				PRODUCT_NAME = "$(TARGET_NAME)";
				TEST_HOST = "$(BUNDLE_LOADER)";
				WRAPPER_EXTENSION = octest;
			};
			name = Debug;
		};
		498E6147137A30CD00EA243B /* Release */ = {
			isa = XCBuildConfiguration;
			buildSettings = {
				ALWAYS_SEARCH_USER_PATHS = NO;
				ARCHS = "$(ARCHS_STANDARD_32_BIT)";
				BUNDLE_LOADER = "$(BUILT_PRODUCTS_DIR)/UNRMapViewer.app/UNRMapViewer";
				FRAMEWORK_SEARCH_PATHS = (
					"$(SDKROOT)/Developer/Library/Frameworks",
					"$(DEVELOPER_LIBRARY_DIR)/Frameworks",
				);
				GCC_PRECOMPILE_PREFIX_HEADER = YES;
				GCC_PREFIX_HEADER = "UNRMapViewerTests/UNRMapViewerTests-Prefix.pch";
				INFOPLIST_FILE = "UNRMapViewerTests/UNRMapViewerTests-Info.plist";
				OTHER_LDFLAGS = (
					"-framework",
					SenTestingKit,
				);
				PRODUCT_NAME = "$(TARGET_NAME)";
				TEST_HOST = "$(BUNDLE_LOADER)";
				WRAPPER_EXTENSION = octest;
			};
			name = Release;
		};
/* End XCBuildConfiguration section */

/* Begin XCConfigurationList section */
		498E60FA137A30CC00EA243B /* Build configuration list for PBXProject "UNRMapViewer" */ = {
			isa = XCConfigurationList;
			buildConfigurations = (
				498E6140137A30CD00EA243B /* Debug */,
				498E6141137A30CD00EA243B /* Release */,
			);
			defaultConfigurationIsVisible = 0;
			defaultConfigurationName = Release;
		};
		498E6142137A30CD00EA243B /* Build configuration list for PBXNativeTarget "UNRMapViewer" */ = {
			isa = XCConfigurationList;
			buildConfigurations = (
				498E6143137A30CD00EA243B /* Debug */,
				498E6144137A30CD00EA243B /* Release */,
			);
			defaultConfigurationIsVisible = 0;
			defaultConfigurationName = Release;
		};
		498E6145137A30CD00EA243B /* Build configuration list for PBXNativeTarget "UNRMapViewerTests" */ = {
			isa = XCConfigurationList;
			buildConfigurations = (
				498E6146137A30CD00EA243B /* Debug */,
				498E6147137A30CD00EA243B /* Release */,
			);
			defaultConfigurationIsVisible = 0;
			defaultConfigurationName = Release;
		};
/* End XCConfigurationList section */
	};
	rootObject = 498E60F7137A30CC00EA243B /* Project object */;
}
